dependencies:
- name: argo-cd
  repository: https://argoproj.github.io/argo-helm
  version: 5.8.5
- name: mongodb
  repository: https://charts.bitnami.com/bitnami
  version: 13.3.0
digest: sha256:d70b8b56ee8b2bb2c95f2a494bbd92b85e0ebd86aa30feaa920241cfcacaaedc
generated: "2022-10-30T12:58:36.075710186+01:00"
